schema: '2.0'
stages:
  download:
    cmd: kaggle datasets download -d uciml/german-credit -p data && unzip -o 
      data/german-credit.zip -d data
    outs:
    - path: data/german_credit_data.csv
      hash: md5
      md5: 3a85bc354da803f9e609448c433a2c6f
      size: 49689
  train:
    cmd: python main.py
    deps:
    - path: ./data/german_credit_data.csv
      hash: md5
      md5: 160dedac8ff6b31024c8b9dece4beb15
      size: 49499
    - path: data_loading.py
      hash: md5
      md5: 5b894de52c3f57af5f49813b817e8c15
      size: 273
    - path: main.py
      hash: md5
      md5: 1119a16086b160f2749a04c1cac312e9
      size: 165
    - path: params.yaml
      hash: md5
      md5: b5aeebdb35ed95872f4744631e31cae9
      size: 306
    - path: preprocessing.py
      hash: md5
      md5: 35454fefc2a9a69c66192f7c4bdcf675
      size: 916
    - path: splitting.py
      hash: md5
      md5: 730e6aa450376d27e0e8c9a18829dc4e
      size: 407
    - path: training.py
      hash: md5
      md5: 8429fc51d7d8276867011dc9e95161de
      size: 3100
    - path: utils.py
      hash: md5
      md5: 67c73078d42fb94f7a38c3ca15d218a7
      size: 159
    params:
      params.yaml:
        data:
          path: ./data/german_credit_data.csv
          test_size: 0.2
        mlflow:
          tracking_uri: sqlite:///mlflow.db
          experiment_name: credit-risk-estimator
          run_name: svc-experiment
          artifact_path: model
        model:
          name: svc-credit-risk-classifier
          type: SVC
          C: 1.3
          kernel: rbf
    outs:
    - path: confusion_matrix.png
      hash: md5
      md5: 7c03f41bed3b1e24705541f05322d805
      size: 10168
    - path: metrics.json
      hash: md5
      md5: 9a2533c4147964d7970a8642a97dd2ee
      size: 82
