schema: '2.0'
stages:
  download:
    cmd: kaggle datasets download -d uciml/german-credit -p data && unzip -o 
      data/german-credit.zip -d data
    outs:
    - path: data/german_credit_data.csv
      hash: md5
      md5: 3a85bc354da803f9e609448c433a2c6f
      size: 49689
  train:
    cmd: python main.py
    deps:
    - path: data/german_credit_data.csv
      hash: md5
      md5: 160dedac8ff6b31024c8b9dece4beb15
      size: 49499
    - path: params.yaml
      hash: md5
      md5: 5559fa386dcd84a3711fe9a707bdb562
      size: 346
    - path: src/data_loading.py
      hash: md5
      md5: 5b894de52c3f57af5f49813b817e8c15
      size: 273
    - path: src/preprocessing.py
      hash: md5
      md5: 35454fefc2a9a69c66192f7c4bdcf675
      size: 916
    - path: src/splitting.py
      hash: md5
      md5: 730e6aa450376d27e0e8c9a18829dc4e
      size: 407
    - path: src/training.py
      hash: md5
      md5: c44b5ee25d4c4cf2c702a0d68346efef
      size: 3894
    - path: src/utils.py
      hash: md5
      md5: 67c73078d42fb94f7a38c3ca15d218a7
      size: 159
    outs:
    - path: outputs/confusion_matrices
      hash: md5
      md5: 7fe4a6e36dbc68a39066e659356bad63.dir
      size: 10168
      nfiles: 1
    - path: outputs/dvclive
      hash: md5
      md5: 1acc57ea4fbdb20a51f651ad87cbc487.dir
      size: 277
      nfiles: 5
    - path: outputs/metrics
      hash: md5
      md5: a29dcb1fc5d3027d511f8ec096daa635.dir
      size: 108
      nfiles: 1
